// !$*UTF8*$!
{
	archiveVersion = 1;
	classes = {
	};
	objectVersion = 50;
	objects = {

/* Begin PBXBuildFile section */
		0D1482F723242AA0007EE573 /* SearchTableViewCell.swift in Sources */ = {isa = PBXBuildFile; fileRef = 0D1482F523242AA0007EE573 /* SearchTableViewCell.swift */; };
		0D1482F823242AA0007EE573 /* SearchTableViewCell.xib in Resources */ = {isa = PBXBuildFile; fileRef = 0D1482F623242AA0007EE573 /* SearchTableViewCell.xib */; };
		0D1482FB23242AB0007EE573 /* SongTableViewCell.swift in Sources */ = {isa = PBXBuildFile; fileRef = 0D1482F923242AB0007EE573 /* SongTableViewCell.swift */; };
		0D1482FC23242AB0007EE573 /* SongTableViewCell.xib in Resources */ = {isa = PBXBuildFile; fileRef = 0D1482FA23242AB0007EE573 /* SongTableViewCell.xib */; };
		0D1482FE23242BB1007EE573 /* UIView+decoration.swift in Sources */ = {isa = PBXBuildFile; fileRef = 0D1482FD23242BB1007EE573 /* UIView+decoration.swift */; };
		0D14830223243786007EE573 /* SearchTableViewCellDelegate.swift in Sources */ = {isa = PBXBuildFile; fileRef = 0D14830123243786007EE573 /* SearchTableViewCellDelegate.swift */; };
		0D1AAC832322D18200B1398F /* AppDelegate.swift in Sources */ = {isa = PBXBuildFile; fileRef = 0D1AAC822322D18200B1398F /* AppDelegate.swift */; };
		0D1AAC852322D18200B1398F /* SelectSongTableViewController.swift in Sources */ = {isa = PBXBuildFile; fileRef = 0D1AAC842322D18200B1398F /* SelectSongTableViewController.swift */; };
		0D1AAC882322D18200B1398F /* Main.storyboard in Resources */ = {isa = PBXBuildFile; fileRef = 0D1AAC862322D18200B1398F /* Main.storyboard */; };
		0D1AAC8A2322D18400B1398F /* Assets.xcassets in Resources */ = {isa = PBXBuildFile; fileRef = 0D1AAC892322D18400B1398F /* Assets.xcassets */; };
		0D1AAC8D2322D18400B1398F /* LaunchScreen.storyboard in Resources */ = {isa = PBXBuildFile; fileRef = 0D1AAC8B2322D18400B1398F /* LaunchScreen.storyboard */; };
		0D1AAC952322D1AD00B1398F /* ITunesApi.swift in Sources */ = {isa = PBXBuildFile; fileRef = 0D1AAC942322D1AD00B1398F /* ITunesApi.swift */; };
		0D1AAC972322E11D00B1398F /* ITunesSong.swift in Sources */ = {isa = PBXBuildFile; fileRef = 0D1AAC962322E11D00B1398F /* ITunesSong.swift */; };
		0D21ABA1232C02D7009A9484 /* ItunesSongsSearchResult.swift in Sources */ = {isa = PBXBuildFile; fileRef = 0D21ABA0232C02D7009A9484 /* ItunesSongsSearchResult.swift */; };
		0D25A8E0232472F700488D87 /* MainViewController.swift in Sources */ = {isa = PBXBuildFile; fileRef = 0D25A8DF232472F700488D87 /* MainViewController.swift */; };
		0D25A8E2232475D100488D87 /* SelectSongViewControllerDelegate.swift in Sources */ = {isa = PBXBuildFile; fileRef = 0D25A8E1232475D100488D87 /* SelectSongViewControllerDelegate.swift */; };
		0D7A31CF23295E9C0034F21F /* SelectItunesSongOperation.swift in Sources */ = {isa = PBXBuildFile; fileRef = 0D7A31CE23295E9C0034F21F /* SelectItunesSongOperation.swift */; };
		647B1AAE232C291C00C1A0FC /* Optional+AssertNonNil.swift in Sources */ = {isa = PBXBuildFile; fileRef = 647B1AAD232C291C00C1A0FC /* Optional+AssertNonNil.swift */; };
		64A1A09C232C36E500C26159 /* FailableDecodable.swift in Sources */ = {isa = PBXBuildFile; fileRef = 64A1A09B232C36E500C26159 /* FailableDecodable.swift */; };
/* End PBXBuildFile section */

/* Begin PBXFileReference section */
		0D1482F523242AA0007EE573 /* SearchTableViewCell.swift */ = {isa = PBXFileReference; lastKnownFileType = sourcecode.swift; path = SearchTableViewCell.swift; sourceTree = "<group>"; };
		0D1482F623242AA0007EE573 /* SearchTableViewCell.xib */ = {isa = PBXFileReference; lastKnownFileType = file.xib; path = SearchTableViewCell.xib; sourceTree = "<group>"; };
		0D1482F923242AB0007EE573 /* SongTableViewCell.swift */ = {isa = PBXFileReference; lastKnownFileType = sourcecode.swift; path = SongTableViewCell.swift; sourceTree = "<group>"; };
		0D1482FA23242AB0007EE573 /* SongTableViewCell.xib */ = {isa = PBXFileReference; lastKnownFileType = file.xib; path = SongTableViewCell.xib; sourceTree = "<group>"; };
		0D1482FD23242BB1007EE573 /* UIView+decoration.swift */ = {isa = PBXFileReference; fileEncoding = 4; lastKnownFileType = sourcecode.swift; path = "UIView+decoration.swift"; sourceTree = "<group>"; };
		0D14830123243786007EE573 /* SearchTableViewCellDelegate.swift */ = {isa = PBXFileReference; lastKnownFileType = sourcecode.swift; path = SearchTableViewCellDelegate.swift; sourceTree = "<group>"; };
		0D1AAC7F2322D18200B1398F /* Itunes API.app */ = {isa = PBXFileReference; explicitFileType = wrapper.application; includeInIndex = 0; path = "Itunes API.app"; sourceTree = BUILT_PRODUCTS_DIR; };
		0D1AAC822322D18200B1398F /* AppDelegate.swift */ = {isa = PBXFileReference; lastKnownFileType = sourcecode.swift; path = AppDelegate.swift; sourceTree = "<group>"; };
		0D1AAC842322D18200B1398F /* SelectSongTableViewController.swift */ = {isa = PBXFileReference; lastKnownFileType = sourcecode.swift; path = SelectSongTableViewController.swift; sourceTree = "<group>"; };
		0D1AAC872322D18200B1398F /* Base */ = {isa = PBXFileReference; lastKnownFileType = file.storyboard; name = Base; path = Base.lproj/Main.storyboard; sourceTree = "<group>"; };
		0D1AAC892322D18400B1398F /* Assets.xcassets */ = {isa = PBXFileReference; lastKnownFileType = folder.assetcatalog; path = Assets.xcassets; sourceTree = "<group>"; };
		0D1AAC8C2322D18400B1398F /* Base */ = {isa = PBXFileReference; lastKnownFileType = file.storyboard; name = Base; path = Base.lproj/LaunchScreen.storyboard; sourceTree = "<group>"; };
		0D1AAC8E2322D18400B1398F /* Info.plist */ = {isa = PBXFileReference; lastKnownFileType = text.plist.xml; path = Info.plist; sourceTree = "<group>"; };
		0D1AAC942322D1AD00B1398F /* ITunesApi.swift */ = {isa = PBXFileReference; lastKnownFileType = sourcecode.swift; path = ITunesApi.swift; sourceTree = "<group>"; };
		0D1AAC962322E11D00B1398F /* ITunesSong.swift */ = {isa = PBXFileReference; lastKnownFileType = sourcecode.swift; path = ITunesSong.swift; sourceTree = "<group>"; };
		0D21ABA0232C02D7009A9484 /* ItunesSongsSearchResult.swift */ = {isa = PBXFileReference; lastKnownFileType = sourcecode.swift; path = ItunesSongsSearchResult.swift; sourceTree = "<group>"; };
		0D25A8DF232472F700488D87 /* MainViewController.swift */ = {isa = PBXFileReference; lastKnownFileType = sourcecode.swift; path = MainViewController.swift; sourceTree = "<group>"; };
		0D25A8E1232475D100488D87 /* SelectSongViewControllerDelegate.swift */ = {isa = PBXFileReference; lastKnownFileType = sourcecode.swift; path = SelectSongViewControllerDelegate.swift; sourceTree = "<group>"; };
		0D7A31CE23295E9C0034F21F /* SelectItunesSongOperation.swift */ = {isa = PBXFileReference; lastKnownFileType = sourcecode.swift; path = SelectItunesSongOperation.swift; sourceTree = "<group>"; };
		647B1AAD232C291C00C1A0FC /* Optional+AssertNonNil.swift */ = {isa = PBXFileReference; lastKnownFileType = sourcecode.swift; path = "Optional+AssertNonNil.swift"; sourceTree = "<group>"; };
		64A1A09B232C36E500C26159 /* FailableDecodable.swift */ = {isa = PBXFileReference; lastKnownFileType = sourcecode.swift; path = FailableDecodable.swift; sourceTree = "<group>"; };
/* End PBXFileReference section */

/* Begin PBXFrameworksBuildPhase section */
		0D1AAC7C2322D18200B1398F /* Frameworks */ = {
			isa = PBXFrameworksBuildPhase;
			buildActionMask = 2147483647;
			files = (
			);
			runOnlyForDeploymentPostprocessing = 0;
		};
/* End PBXFrameworksBuildPhase section */

/* Begin PBXGroup section */
		0D1482FF232432E2007EE573 /* Cells */ = {
			isa = PBXGroup;
			children = (
				0D14830123243786007EE573 /* SearchTableViewCellDelegate.swift */,
				0D1482F523242AA0007EE573 /* SearchTableViewCell.swift */,
				0D1482F623242AA0007EE573 /* SearchTableViewCell.xib */,
				0D1482F923242AB0007EE573 /* SongTableViewCell.swift */,
				0D1482FA23242AB0007EE573 /* SongTableViewCell.xib */,
			);
			path = Cells;
			sourceTree = "<group>";
		};
		0D148300232432F4007EE573 /* Extensions */ = {
			isa = PBXGroup;
			children = (
				0D1482FD23242BB1007EE573 /* UIView+decoration.swift */,
				647B1AAD232C291C00C1A0FC /* Optional+AssertNonNil.swift */,
				64A1A09B232C36E500C26159 /* FailableDecodable.swift */,
			);
			path = Extensions;
			sourceTree = "<group>";
		};
		0D1AAC762322D18200B1398F = {
			isa = PBXGroup;
			children = (
				0D1AAC812322D18200B1398F /* Itunes API */,
				0D1AAC802322D18200B1398F /* Products */,
			);
			sourceTree = "<group>";
		};
		0D1AAC802322D18200B1398F /* Products */ = {
			isa = PBXGroup;
			children = (
				0D1AAC7F2322D18200B1398F /* Itunes API.app */,
			);
			name = Products;
			sourceTree = "<group>";
		};
		0D1AAC812322D18200B1398F /* Itunes API */ = {
			isa = PBXGroup;
			children = (
				0D1AAC822322D18200B1398F /* AppDelegate.swift */,
				0D25A8DF232472F700488D87 /* MainViewController.swift */,
				0D7A31CE23295E9C0034F21F /* SelectItunesSongOperation.swift */,
				0D25A8E1232475D100488D87 /* SelectSongViewControllerDelegate.swift */,
				0D1AAC842322D18200B1398F /* SelectSongTableViewController.swift */,
				0D1AAC942322D1AD00B1398F /* ITunesApi.swift */,
				0D148300232432F4007EE573 /* Extensions */,
				0D1482FF232432E2007EE573 /* Cells */,
				0D1AAC982322E13A00B1398F /* Models */,
				0D1AAC862322D18200B1398F /* Main.storyboard */,
				0D1AAC892322D18400B1398F /* Assets.xcassets */,
				0D1AAC8B2322D18400B1398F /* LaunchScreen.storyboard */,
				0D1AAC8E2322D18400B1398F /* Info.plist */,
			);
			path = "Itunes API";
			sourceTree = "<group>";
		};
		0D1AAC982322E13A00B1398F /* Models */ = {
			isa = PBXGroup;
			children = (
				0D1AAC962322E11D00B1398F /* ITunesSong.swift */,
				0D21ABA0232C02D7009A9484 /* ItunesSongsSearchResult.swift */,
			);
			path = Models;
			sourceTree = "<group>";
		};
/* End PBXGroup section */

/* Begin PBXNativeTarget section */
		0D1AAC7E2322D18200B1398F /* Itunes API */ = {
			isa = PBXNativeTarget;
			buildConfigurationList = 0D1AAC912322D18400B1398F /* Build configuration list for PBXNativeTarget "Itunes API" */;
			buildPhases = (
				0D1AAC7B2322D18200B1398F /* Sources */,
				0D1AAC7C2322D18200B1398F /* Frameworks */,
				0D1AAC7D2322D18200B1398F /* Resources */,
			);
			buildRules = (
			);
			dependencies = (
			);
			name = "Itunes API";
			productName = "Itunes API";
			productReference = 0D1AAC7F2322D18200B1398F /* Itunes API.app */;
			productType = "com.apple.product-type.application";
		};
/* End PBXNativeTarget section */

/* Begin PBXProject section */
		0D1AAC772322D18200B1398F /* Project object */ = {
			isa = PBXProject;
			attributes = {
				LastSwiftUpdateCheck = 1020;
				LastUpgradeCheck = 1020;
				ORGANIZATIONNAME = "Alexey Voronov";
				TargetAttributes = {
					0D1AAC7E2322D18200B1398F = {
						CreatedOnToolsVersion = 10.2.1;
					};
				};
			};
			buildConfigurationList = 0D1AAC7A2322D18200B1398F /* Build configuration list for PBXProject "Itunes API" */;
			compatibilityVersion = "Xcode 9.3";
			developmentRegion = en;
			hasScannedForEncodings = 0;
			knownRegions = (
				en,
				Base,
			);
			mainGroup = 0D1AAC762322D18200B1398F;
			productRefGroup = 0D1AAC802322D18200B1398F /* Products */;
			projectDirPath = "";
			projectRoot = "";
			targets = (
				0D1AAC7E2322D18200B1398F /* Itunes API */,
			);
		};
/* End PBXProject section */

/* Begin PBXResourcesBuildPhase section */
		0D1AAC7D2322D18200B1398F /* Resources */ = {
			isa = PBXResourcesBuildPhase;
			buildActionMask = 2147483647;
			files = (
				0D1482FC23242AB0007EE573 /* SongTableViewCell.xib in Resources */,
				0D1AAC8D2322D18400B1398F /* LaunchScreen.storyboard in Resources */,
				0D1482F823242AA0007EE573 /* SearchTableViewCell.xib in Resources */,
				0D1AAC8A2322D18400B1398F /* Assets.xcassets in Resources */,
				0D1AAC882322D18200B1398F /* Main.storyboard in Resources */,
			);
			runOnlyForDeploymentPostprocessing = 0;
		};
/* End PBXResourcesBuildPhase section */

/* Begin PBXSourcesBuildPhase section */
		0D1AAC7B2322D18200B1398F /* Sources */ = {
			isa = PBXSourcesBuildPhase;
			buildActionMask = 2147483647;
			files = (
				0D1482FB23242AB0007EE573 /* SongTableViewCell.swift in Sources */,
				0D7A31CF23295E9C0034F21F /* SelectItunesSongOperation.swift in Sources */,
				0D25A8E0232472F700488D87 /* MainViewController.swift in Sources */,
				0D1AAC972322E11D00B1398F /* ITunesSong.swift in Sources */,
				0D1AAC852322D18200B1398F /* SelectSongTableViewController.swift in Sources */,
				0D1AAC832322D18200B1398F /* AppDelegate.swift in Sources */,
				0D1AAC952322D1AD00B1398F /* ITunesApi.swift in Sources */,
				0D25A8E2232475D100488D87 /* SelectSongViewControllerDelegate.swift in Sources */,
				0D14830223243786007EE573 /* SearchTableViewCellDelegate.swift in Sources */,
				0D1482F723242AA0007EE573 /* SearchTableViewCell.swift in Sources */,
				647B1AAE232C291C00C1A0FC /* Optional+AssertNonNil.swift in Sources */,
				64A1A09C232C36E500C26159 /* FailableDecodable.swift in Sources */,
				0D1482FE23242BB1007EE573 /* UIView+decoration.swift in Sources */,
				0D21ABA1232C02D7009A9484 /* ItunesSongsSearchResult.swift in Sources */,
			);
			runOnlyForDeploymentPostprocessing = 0;
		};
/* End PBXSourcesBuildPhase section */

/* Begin PBXVariantGroup section */
		0D1AAC862322D18200B1398F /* Main.storyboard */ = {
			isa = PBXVariantGroup;
			children = (
				0D1AAC872322D18200B1398F /* Base */,
			);
			name = Main.storyboard;
			sourceTree = "<group>";
		};
		0D1AAC8B2322D18400B1398F /* LaunchScreen.storyboard */ = {
			isa = PBXVariantGroup;
			children = (
				0D1AAC8C2322D18400B1398F /* Base */,
			);
			name = LaunchScreen.storyboard;
			sourceTree = "<group>";
		};
/* End PBXVariantGroup section */

/* Begin XCBuildConfiguration section */
		0D1AAC8F2322D18400B1398F /* Debug */ = {
			isa = XCBuildConfiguration;
			buildSettings = {
				ALWAYS_SEARCH_USER_PATHS = NO;
				CLANG_ANALYZER_NONNULL = YES;
				CLANG_ANALYZER_NUMBER_OBJECT_CONVERSION = YES_AGGRESSIVE;
				CLANG_CXX_LANGUAGE_STANDARD = "gnu++14";
				CLANG_CXX_LIBRARY = "libc++";
				CLANG_ENABLE_MODULES = YES;
				CLANG_ENABLE_OBJC_ARC = YES;
				CLANG_ENABLE_OBJC_WEAK = YES;
				CLANG_WARN_BLOCK_CAPTURE_AUTORELEASING = YES;
				CLANG_WARN_BOOL_CONVERSION = YES;
				CLANG_WARN_COMMA = YES;
				CLANG_WARN_CONSTANT_CONVERSION = YES;
				CLANG_WARN_DEPRECATED_OBJC_IMPLEMENTATIONS = YES;
				CLANG_WARN_DIRECT_OBJC_ISA_USAGE = YES_ERROR;
				CLANG_WARN_DOCUMENTATION_COMMENTS = YES;
				CLANG_WARN_EMPTY_BODY = YES;
				CLANG_WARN_ENUM_CONVERSION = YES;
				CLANG_WARN_INFINITE_RECURSION = YES;
				CLANG_WARN_INT_CONVERSION = YES;
				CLANG_WARN_NON_LITERAL_NULL_CONVERSION = YES;
				CLANG_WARN_OBJC_IMPLICIT_RETAIN_SELF = YES;
				CLANG_WARN_OBJC_LITERAL_CONVERSION = YES;
				CLANG_WARN_OBJC_ROOT_CLASS = YES_ERROR;
				CLANG_WARN_RANGE_LOOP_ANALYSIS = YES;
				CLANG_WARN_STRICT_PROTOTYPES = YES;
				CLANG_WARN_SUSPICIOUS_MOVE = YES;
				CLANG_WARN_UNGUARDED_AVAILABILITY = YES_AGGRESSIVE;
				CLANG_WARN_UNREACHABLE_CODE = YES;
				CLANG_WARN__DUPLICATE_METHOD_MATCH = YES;
				CODE_SIGN_IDENTITY = "iPhone Developer";
				COPY_PHASE_STRIP = NO;
				DEBUG_INFORMATION_FORMAT = dwarf;
				ENABLE_STRICT_OBJC_MSGSEND = YES;
				ENABLE_TESTABILITY = YES;
				GCC_C_LANGUAGE_STANDARD = gnu11;
				GCC_DYNAMIC_NO_PIC = NO;
				GCC_NO_COMMON_BLOCKS = YES;
				GCC_OPTIMIZATION_LEVEL = 0;
				GCC_PREPROCESSOR_DEFINITIONS = (
					"DEBUG=1",
					"$(inherited)",
				);
				GCC_WARN_64_TO_32_BIT_CONVERSION = YES;
				GCC_WARN_ABOUT_RETURN_TYPE = YES_ERROR;
				GCC_WARN_UNDECLARED_SELECTOR = YES;
				GCC_WARN_UNINITIALIZED_AUTOS = YES_AGGRESSIVE;
				GCC_WARN_UNUSED_FUNCTION = YES;
				GCC_WARN_UNUSED_VARIABLE = YES;
				IPHONEOS_DEPLOYMENT_TARGET = 12.2;
				MTL_ENABLE_DEBUG_INFO = INCLUDE_SOURCE;
				MTL_FAST_MATH = YES;
				ONLY_ACTIVE_ARCH = YES;
				SDKROOT = iphoneos;
				SWIFT_ACTIVE_COMPILATION_CONDITIONS = DEBUG;
				SWIFT_OPTIMIZATION_LEVEL = "-Onone";
			};
			name = Debug;
		};
		0D1AAC902322D18400B1398F /* Release */ = {
			isa = XCBuildConfiguration;
			buildSettings = {
				ALWAYS_SEARCH_USER_PATHS = NO;
				CLANG_ANALYZER_NONNULL = YES;
				CLANG_ANALYZER_NUMBER_OBJECT_CONVERSION = YES_AGGRESSIVE;
				CLANG_CXX_LANGUAGE_STANDARD = "gnu++14";
				CLANG_CXX_LIBRARY = "libc++";
				CLANG_ENABLE_MODULES = YES;
				CLANG_ENABLE_OBJC_ARC = YES;
				CLANG_ENABLE_OBJC_WEAK = YES;
				CLANG_WARN_BLOCK_CAPTURE_AUTORELEASING = YES;
				CLANG_WARN_BOOL_CONVERSION = YES;
				CLANG_WARN_COMMA = YES;
				CLANG_WARN_CONSTANT_CONVERSION = YES;
				CLANG_WARN_DEPRECATED_OBJC_IMPLEMENTATIONS = YES;
				CLANG_WARN_DIRECT_OBJC_ISA_USAGE = YES_ERROR;
				CLANG_WARN_DOCUMENTATION_COMMENTS = YES;
				CLANG_WARN_EMPTY_BODY = YES;
				CLANG_WARN_ENUM_CONVERSION = YES;
				CLANG_WARN_INFINITE_RECURSION = YES;
				CLANG_WARN_INT_CONVERSION = YES;
				CLANG_WARN_NON_LITERAL_NULL_CONVERSION = YES;
				CLANG_WARN_OBJC_IMPLICIT_RETAIN_SELF = YES;
				CLANG_WARN_OBJC_LITERAL_CONVERSION = YES;
				CLANG_WARN_OBJC_ROOT_CLASS = YES_ERROR;
				CLANG_WARN_RANGE_LOOP_ANALYSIS = YES;
				CLANG_WARN_STRICT_PROTOTYPES = YES;
				CLANG_WARN_SUSPICIOUS_MOVE = YES;
				CLANG_WARN_UNGUARDED_AVAILABILITY = YES_AGGRESSIVE;
				CLANG_WARN_UNREACHABLE_CODE = YES;
				CLANG_WARN__DUPLICATE_METHOD_MATCH = YES;
				CODE_SIGN_IDENTITY = "iPhone Developer";
				COPY_PHASE_STRIP = NO;
				DEBUG_INFORMATION_FORMAT = "dwarf-with-dsym";
				ENABLE_NS_ASSERTIONS = NO;
				ENABLE_STRICT_OBJC_MSGSEND = YES;
				GCC_C_LANGUAGE_STANDARD = gnu11;
				GCC_NO_COMMON_BLOCKS = YES;
				GCC_WARN_64_TO_32_BIT_CONVERSION = YES;
				GCC_WARN_ABOUT_RETURN_TYPE = YES_ERROR;
				GCC_WARN_UNDECLARED_SELECTOR = YES;
				GCC_WARN_UNINITIALIZED_AUTOS = YES_AGGRESSIVE;
				GCC_WARN_UNUSED_FUNCTION = YES;
				GCC_WARN_UNUSED_VARIABLE = YES;
				IPHONEOS_DEPLOYMENT_TARGET = 12.2;
				MTL_ENABLE_DEBUG_INFO = NO;
				MTL_FAST_MATH = YES;
				SDKROOT = iphoneos;
				SWIFT_COMPILATION_MODE = wholemodule;
				SWIFT_OPTIMIZATION_LEVEL = "-O";
				VALIDATE_PRODUCT = YES;
			};
			name = Release;
		};
		0D1AAC922322D18400B1398F /* Debug */ = {
			isa = XCBuildConfiguration;
			buildSettings = {
				ASSETCATALOG_COMPILER_APPICON_NAME = AppIcon;
				CODE_SIGN_IDENTITY = "iPhone Developer";
				CODE_SIGN_STYLE = Automatic;
				DEVELOPMENT_TEAM = 6CFA54MQCP;
				INFOPLIST_FILE = "Itunes API/Info.plist";
				LD_RUNPATH_SEARCH_PATHS = (
					"$(inherited)",
					"@executable_path/Frameworks",
				);
				PRODUCT_BUNDLE_IDENTIFIER = "com.voronoff.Itunes-API";
				PRODUCT_NAME = "$(TARGET_NAME)";
				PROVISIONING_PROFILE_SPECIFIER = "";
				SWIFT_VERSION = 5.0;
				TARGETED_DEVICE_FAMILY = "1,2";
			};
			name = Debug;
		};
		0D1AAC932322D18400B1398F /* Release */ = {
			isa = XCBuildConfiguration;
			buildSettings = {
				ASSETCATALOG_COMPILER_APPICON_NAME = AppIcon;
				CODE_SIGN_IDENTITY = "iPhone Developer";
				CODE_SIGN_STYLE = Automatic;
				DEVELOPMENT_TEAM = 6CFA54MQCP;
				INFOPLIST_FILE = "Itunes API/Info.plist";
				LD_RUNPATH_SEARCH_PATHS = (
					"$(inherited)",
					"@executable_path/Frameworks",
				);
				PRODUCT_BUNDLE_IDENTIFIER = "com.voronoff.Itunes-API";
				PRODUCT_NAME = "$(TARGET_NAME)";
				PROVISIONING_PROFILE_SPECIFIER = "";
				SWIFT_VERSION = 5.0;
				TARGETED_DEVICE_FAMILY = "1,2";
			};
			name = Release;
		};
/* End XCBuildConfiguration section */

/* Begin XCConfigurationList section */
		0D1AAC7A2322D18200B1398F /* Build configuration list for PBXProject "Itunes API" */ = {
			isa = XCConfigurationList;
			buildConfigurations = (
				0D1AAC8F2322D18400B1398F /* Debug */,
				0D1AAC902322D18400B1398F /* Release */,
			);
			defaultConfigurationIsVisible = 0;
			defaultConfigurationName = Release;
		};
		0D1AAC912322D18400B1398F /* Build configuration list for PBXNativeTarget "Itunes API" */ = {
			isa = XCConfigurationList;
			buildConfigurations = (
				0D1AAC922322D18400B1398F /* Debug */,
				0D1AAC932322D18400B1398F /* Release */,
			);
			defaultConfigurationIsVisible = 0;
			defaultConfigurationName = Release;
		};
/* End XCConfigurationList section */
	};
	rootObject = 0D1AAC772322D18200B1398F /* Project object */;
}
